
Microsoft Visual Studio Solution File, Format Version 12.00
# Visual Studio Version 17
VisualStudioVersion = 17.7.34031.279
MinimumVisualStudioVersion = 10.0.40219.1
Project("{FAE04EC0-301F-11D3-BF4B-00C04F79EFBC}") = "Eportafolio", "Eportafolio\Eportafolio.csproj", "{8217B74A-7B45-453F-B505-FF53B74FF88F}"
EndProject
Global
	GlobalSection(SolutionConfigurationPlatforms) = preSolution
		Debug|Any CPU = Debug|Any CPU
		Release|Any CPU = Release|Any CPU
	EndGlobalSection
	GlobalSection(ProjectConfigurationPlatforms) = postSolution
		{8217B74A-7B45-453F-B505-FF53B74FF88F}.Debug|Any CPU.ActiveCfg = Debug|Any CPU
		{8217B74A-7B45-453F-B505-FF53B74FF88F}.Debug|Any CPU.Build.0 = Debug|Any CPU
		{8217B74A-7B45-453F-B505-FF53B74FF88F}.Release|Any CPU.ActiveCfg = Release|Any CPU
		{8217B74A-7B45-453F-B505-FF53B74FF88F}.Release|Any CPU.Build.0 = Release|Any CPU
	EndGlobalSection
	GlobalSection(SolutionProperties) = preSolution
		HideSolutionNode = FALSE
	EndGlobalSection
	GlobalSection(ExtensibilityGlobals) = postSolution
		SolutionGuid = {0AD1A284-D1AE-4D54-AE67-35512F3B871F}
	EndGlobalSection
EndGlobal
